
Microsoft Visual Studio Solution File, Format Version 12.00
# Visual Studio Version 17
VisualStudioVersion = 17.11.35312.102
MinimumVisualStudioVersion = 10.0.40219.1
Project("{FAE04EC0-301F-11D3-BF4B-00C04F79EFBC}") = "lv4-test-ruap", "lv4-test-ruap.csproj", "{F7929F41-3F5B-4046-81F9-7953D26B728F}"
EndProject
Global
	GlobalSection(SolutionConfigurationPlatforms) = preSolution
		Debug|Any CPU = Debug|Any CPU
		Release|Any CPU = Release|Any CPU
	EndGlobalSection
	GlobalSection(ProjectConfigurationPlatforms) = postSolution
		{F7929F41-3F5B-4046-81F9-7953D26B728F}.Debug|Any CPU.ActiveCfg = Debug|Any CPU
		{F7929F41-3F5B-4046-81F9-7953D26B728F}.Debug|Any CPU.Build.0 = Debug|Any CPU
		{F7929F41-3F5B-4046-81F9-7953D26B728F}.Release|Any CPU.ActiveCfg = Release|Any CPU
		{F7929F41-3F5B-4046-81F9-7953D26B728F}.Release|Any CPU.Build.0 = Release|Any CPU
	EndGlobalSection
	GlobalSection(SolutionProperties) = preSolution
		HideSolutionNode = FALSE
	EndGlobalSection
	GlobalSection(ExtensibilityGlobals) = postSolution
		SolutionGuid = {FB9DB8BA-47C5-4509-8F77-0885ED4C6B4A}
	EndGlobalSection
EndGlobal
